
Microsoft Visual Studio Solution File, Format Version 12.00
# Visual Studio Version 16
VisualStudioVersion = 16.0.34031.81
MinimumVisualStudioVersion = 10.0.40219.1
Project("{FAE04EC0-301F-11D3-BF4B-00C04F79EFBC}") = "BooleanLogic", "BooleanLogic\BooleanLogic.csproj", "{7E695072-4BA9-4883-A6BA-06DA37CED414}"
EndProject
Global
	GlobalSection(SolutionConfigurationPlatforms) = preSolution
		Debug|Any CPU = Debug|Any CPU
		Release|Any CPU = Release|Any CPU
	EndGlobalSection
	GlobalSection(ProjectConfigurationPlatforms) = postSolution
		{7E695072-4BA9-4883-A6BA-06DA37CED414}.Debug|Any CPU.ActiveCfg = Debug|Any CPU
		{7E695072-4BA9-4883-A6BA-06DA37CED414}.Debug|Any CPU.Build.0 = Debug|Any CPU
		{7E695072-4BA9-4883-A6BA-06DA37CED414}.Release|Any CPU.ActiveCfg = Release|Any CPU
		{7E695072-4BA9-4883-A6BA-06DA37CED414}.Release|Any CPU.Build.0 = Release|Any CPU
	EndGlobalSection
	GlobalSection(SolutionProperties) = preSolution
		HideSolutionNode = FALSE
	EndGlobalSection
	GlobalSection(ExtensibilityGlobals) = postSolution
		SolutionGuid = {497B8651-6ADB-4D53-8808-66F12776C03D}
	EndGlobalSection
EndGlobal
